{
  "requires": true,
  "lockfileVersion": 1,
  "dependencies": {
    "firstui-uni": {
      "version": "1.6.1",
      "resolved": "https://registry.npmjs.org/firstui-uni/-/firstui-uni-1.6.1.tgz",
      "integrity": "sha512-2tWqTHhArRS6bfpFGiM5wshYsGThF1/Q7WXEv1nDpEO316yLO6yeoinMg/HUMiuFjWwvVbZJNw8ixTTgR3ZddQ=="
    }
  }
}
